// !$*UTF8*$!
{
	archiveVersion = 1;
	classes = {
	};
	objectVersion = 46;
	objects = {

/* Begin PBXBuildFile section */
		4247619719AF7FB100D6ABE8 /* main.m in Sources */ = {isa = PBXBuildFile; fileRef = 4247619619AF7FB100D6ABE8 /* main.m */; };
		4247619A19AF7FB100D6ABE8 /* AppDelegate.m in Sources */ = {isa = PBXBuildFile; fileRef = 4247619919AF7FB100D6ABE8 /* AppDelegate.m */; };
		4247619D19AF7FB100D6ABE8 /* FacebookNotifications.xcdatamodeld in Sources */ = {isa = PBXBuildFile; fileRef = 4247619B19AF7FB100D6ABE8 /* FacebookNotifications.xcdatamodeld */; };
		424761A019AF7FB100D6ABE8 /* MainViewController.m in Sources */ = {isa = PBXBuildFile; fileRef = 4247619F19AF7FB100D6ABE8 /* MainViewController.m */; };
		424761A319AF7FB100D6ABE8 /* Main.storyboard in Resources */ = {isa = PBXBuildFile; fileRef = 424761A119AF7FB100D6ABE8 /* Main.storyboard */; };
		424761A519AF7FB100D6ABE8 /* Images.xcassets in Resources */ = {isa = PBXBuildFile; fileRef = 424761A419AF7FB100D6ABE8 /* Images.xcassets */; };
		424761B119AF7FB100D6ABE8 /* FacebookNotificationsTests.m in Sources */ = {isa = PBXBuildFile; fileRef = 424761B019AF7FB100D6ABE8 /* FacebookNotificationsTests.m */; };
		424761C119AF7FE600D6ABE8 /* NotificationCenter.framework in Frameworks */ = {isa = PBXBuildFile; fileRef = 424761C019AF7FE600D6ABE8 /* NotificationCenter.framework */; };
		424761C719AF7FE600D6ABE8 /* TodayViewController.m in Sources */ = {isa = PBXBuildFile; fileRef = 424761C619AF7FE600D6ABE8 /* TodayViewController.m */; };
		424761C919AF7FE600D6ABE8 /* MainInterface.storyboard in Resources */ = {isa = PBXBuildFile; fileRef = 424761C819AF7FE600D6ABE8 /* MainInterface.storyboard */; };
		424761CC19AF7FE600D6ABE8 /* FacebookWidget.appex in Embed App Extensions */ = {isa = PBXBuildFile; fileRef = 424761BE19AF7FE600D6ABE8 /* FacebookWidget.appex */; settings = {ATTRIBUTES = (RemoveHeadersOnCopy, ); }; };
		424761D519AF800A00D6ABE8 /* TodayView.m in Sources */ = {isa = PBXBuildFile; fileRef = 424761D419AF800A00D6ABE8 /* TodayView.m */; };
		424761D819AF813300D6ABE8 /* FacebookSDK.framework in Frameworks */ = {isa = PBXBuildFile; fileRef = 424761D719AF813300D6ABE8 /* FacebookSDK.framework */; };
		424761D919AF813300D6ABE8 /* FacebookSDK.framework in Frameworks */ = {isa = PBXBuildFile; fileRef = 424761D719AF813300D6ABE8 /* FacebookSDK.framework */; };
		424761DC19AF83E500D6ABE8 /* MainView.m in Sources */ = {isa = PBXBuildFile; fileRef = 424761DB19AF83E500D6ABE8 /* MainView.m */; };
		424761DD19AF83E500D6ABE8 /* MainView.m in Sources */ = {isa = PBXBuildFile; fileRef = 424761DB19AF83E500D6ABE8 /* MainView.m */; };
		424761E319AFAAC800D6ABE8 /* CustomSessionTokenCachingStrategy.m in Sources */ = {isa = PBXBuildFile; fileRef = 424761E219AFAAC800D6ABE8 /* CustomSessionTokenCachingStrategy.m */; };
		424761E419AFAAC800D6ABE8 /* CustomSessionTokenCachingStrategy.m in Sources */ = {isa = PBXBuildFile; fileRef = 424761E219AFAAC800D6ABE8 /* CustomSessionTokenCachingStrategy.m */; };
		424761ED19AFCC2500D6ABE8 /* FBNotificationObject.m in Sources */ = {isa = PBXBuildFile; fileRef = 424761EC19AFCC2500D6ABE8 /* FBNotificationObject.m */; };
		424761EE19AFCC2500D6ABE8 /* FBNotificationObject.m in Sources */ = {isa = PBXBuildFile; fileRef = 424761EC19AFCC2500D6ABE8 /* FBNotificationObject.m */; };
		424761F119AFCC9D00D6ABE8 /* FBUserObject.m in Sources */ = {isa = PBXBuildFile; fileRef = 424761F019AFCC9D00D6ABE8 /* FBUserObject.m */; };
		424761F219AFCC9D00D6ABE8 /* FBUserObject.m in Sources */ = {isa = PBXBuildFile; fileRef = 424761F019AFCC9D00D6ABE8 /* FBUserObject.m */; };
		424761F719AFCED700D6ABE8 /* NotificationCollectionViewCell.m in Sources */ = {isa = PBXBuildFile; fileRef = 424761F519AFCED700D6ABE8 /* NotificationCollectionViewCell.m */; };
		424761F819AFCED700D6ABE8 /* NotificationCollectionViewCell.m in Sources */ = {isa = PBXBuildFile; fileRef = 424761F519AFCED700D6ABE8 /* NotificationCollectionViewCell.m */; };
		424761F919AFCED700D6ABE8 /* NotificationCollectionViewCell.xib in Resources */ = {isa = PBXBuildFile; fileRef = 424761F619AFCED700D6ABE8 /* NotificationCollectionViewCell.xib */; };
		424761FA19AFCED700D6ABE8 /* NotificationCollectionViewCell.xib in Resources */ = {isa = PBXBuildFile; fileRef = 424761F619AFCED700D6ABE8 /* NotificationCollectionViewCell.xib */; };
/* End PBXBuildFile section */

/* Begin PBXContainerItemProxy section */
		424761AB19AF7FB100D6ABE8 /* PBXContainerItemProxy */ = {
			isa = PBXContainerItemProxy;
			containerPortal = 4247618919AF7FB100D6ABE8 /* Project object */;
			proxyType = 1;
			remoteGlobalIDString = 4247619019AF7FB100D6ABE8;
			remoteInfo = FacebookNotifications;
		};
		424761CA19AF7FE600D6ABE8 /* PBXContainerItemProxy */ = {
			isa = PBXContainerItemProxy;
			containerPortal = 4247618919AF7FB100D6ABE8 /* Project object */;
			proxyType = 1;
			remoteGlobalIDString = 424761BD19AF7FE600D6ABE8;
			remoteInfo = FacebookWidget;
		};
		424761CD19AF7FE600D6ABE8 /* PBXContainerItemProxy */ = {
			isa = PBXContainerItemProxy;
			containerPortal = 4247618919AF7FB100D6ABE8 /* Project object */;
			proxyType = 1;
			remoteGlobalIDString = 424761BD19AF7FE600D6ABE8;
			remoteInfo = FacebookWidget;
		};
/* End PBXContainerItemProxy section */

/* Begin PBXCopyFilesBuildPhase section */
		424761D219AF7FE600D6ABE8 /* Embed App Extensions */ = {
			isa = PBXCopyFilesBuildPhase;
			buildActionMask = 2147483647;
			dstPath = "";
			dstSubfolderSpec = 13;
			files = (
				424761CC19AF7FE600D6ABE8 /* FacebookWidget.appex in Embed App Extensions */,
			);
			name = "Embed App Extensions";
			runOnlyForDeploymentPostprocessing = 0;
		};
/* End PBXCopyFilesBuildPhase section */

/* Begin PBXFileReference section */
		4247619119AF7FB100D6ABE8 /* FacebookNotifications.app */ = {isa = PBXFileReference; explicitFileType = wrapper.application; includeInIndex = 0; path = FacebookNotifications.app; sourceTree = BUILT_PRODUCTS_DIR; };
		4247619519AF7FB100D6ABE8 /* Info.plist */ = {isa = PBXFileReference; lastKnownFileType = text.plist.xml; path = Info.plist; sourceTree = "<group>"; };
		4247619619AF7FB100D6ABE8 /* main.m */ = {isa = PBXFileReference; lastKnownFileType = sourcecode.c.objc; path = main.m; sourceTree = "<group>"; };
		4247619819AF7FB100D6ABE8 /* AppDelegate.h */ = {isa = PBXFileReference; lastKnownFileType = sourcecode.c.h; path = AppDelegate.h; sourceTree = "<group>"; };
		4247619919AF7FB100D6ABE8 /* AppDelegate.m */ = {isa = PBXFileReference; lastKnownFileType = sourcecode.c.objc; path = AppDelegate.m; sourceTree = "<group>"; };
		4247619C19AF7FB100D6ABE8 /* FacebookNotifications.xcdatamodel */ = {isa = PBXFileReference; lastKnownFileType = wrapper.xcdatamodel; path = FacebookNotifications.xcdatamodel; sourceTree = "<group>"; };
		4247619E19AF7FB100D6ABE8 /* MainViewController.h */ = {isa = PBXFileReference; lastKnownFileType = sourcecode.c.h; path = MainViewController.h; sourceTree = "<group>"; };
		4247619F19AF7FB100D6ABE8 /* MainViewController.m */ = {isa = PBXFileReference; lastKnownFileType = sourcecode.c.objc; path = MainViewController.m; sourceTree = "<group>"; };
		424761A219AF7FB100D6ABE8 /* Base */ = {isa = PBXFileReference; lastKnownFileType = file.storyboard; name = Base; path = Base.lproj/Main.storyboard; sourceTree = "<group>"; };
		424761A419AF7FB100D6ABE8 /* Images.xcassets */ = {isa = PBXFileReference; lastKnownFileType = folder.assetcatalog; path = Images.xcassets; sourceTree = "<group>"; };
		424761AA19AF7FB100D6ABE8 /* FacebookNotificationsTests.xctest */ = {isa = PBXFileReference; explicitFileType = wrapper.cfbundle; includeInIndex = 0; path = FacebookNotificationsTests.xctest; sourceTree = BUILT_PRODUCTS_DIR; };
		424761AF19AF7FB100D6ABE8 /* Info.plist */ = {isa = PBXFileReference; lastKnownFileType = text.plist.xml; path = Info.plist; sourceTree = "<group>"; };
		424761B019AF7FB100D6ABE8 /* FacebookNotificationsTests.m */ = {isa = PBXFileReference; lastKnownFileType = sourcecode.c.objc; path = FacebookNotificationsTests.m; sourceTree = "<group>"; };
		424761BE19AF7FE600D6ABE8 /* FacebookWidget.appex */ = {isa = PBXFileReference; explicitFileType = "wrapper.app-extension"; includeInIndex = 0; path = FacebookWidget.appex; sourceTree = BUILT_PRODUCTS_DIR; };
		424761C019AF7FE600D6ABE8 /* NotificationCenter.framework */ = {isa = PBXFileReference; lastKnownFileType = wrapper.framework; name = NotificationCenter.framework; path = System/Library/Frameworks/NotificationCenter.framework; sourceTree = SDKROOT; };
		424761C419AF7FE600D6ABE8 /* Info.plist */ = {isa = PBXFileReference; lastKnownFileType = text.plist.xml; path = Info.plist; sourceTree = "<group>"; };
		424761C519AF7FE600D6ABE8 /* TodayViewController.h */ = {isa = PBXFileReference; lastKnownFileType = sourcecode.c.h; path = TodayViewController.h; sourceTree = "<group>"; };
		424761C619AF7FE600D6ABE8 /* TodayViewController.m */ = {isa = PBXFileReference; lastKnownFileType = sourcecode.c.objc; path = TodayViewController.m; sourceTree = "<group>"; };
		424761C819AF7FE600D6ABE8 /* MainInterface.storyboard */ = {isa = PBXFileReference; lastKnownFileType = file.storyboard; path = MainInterface.storyboard; sourceTree = "<group>"; };
		424761D319AF800A00D6ABE8 /* TodayView.h */ = {isa = PBXFileReference; fileEncoding = 4; lastKnownFileType = sourcecode.c.h; path = TodayView.h; sourceTree = "<group>"; };
		424761D419AF800A00D6ABE8 /* TodayView.m */ = {isa = PBXFileReference; fileEncoding = 4; lastKnownFileType = sourcecode.c.objc; path = TodayView.m; sourceTree = "<group>"; };
		424761D719AF813300D6ABE8 /* FacebookSDK.framework */ = {isa = PBXFileReference; lastKnownFileType = wrapper.framework; name = FacebookSDK.framework; path = ../../../Documents/FacebookSDK/FacebookSDK.framework; sourceTree = "<group>"; };
		424761DA19AF83E500D6ABE8 /* MainView.h */ = {isa = PBXFileReference; fileEncoding = 4; lastKnownFileType = sourcecode.c.h; path = MainView.h; sourceTree = "<group>"; };
		424761DB19AF83E500D6ABE8 /* MainView.m */ = {isa = PBXFileReference; fileEncoding = 4; lastKnownFileType = sourcecode.c.objc; path = MainView.m; sourceTree = "<group>"; };
		424761DE19AF88B100D6ABE8 /* FacebookWidget.entitlements */ = {isa = PBXFileReference; lastKnownFileType = text.xml; path = FacebookWidget.entitlements; sourceTree = "<group>"; };
		424761DF19AF895000D6ABE8 /* FacebookNotifications.entitlements */ = {isa = PBXFileReference; lastKnownFileType = text.xml; path = FacebookNotifications.entitlements; sourceTree = "<group>"; };
		424761E119AFAAC800D6ABE8 /* CustomSessionTokenCachingStrategy.h */ = {isa = PBXFileReference; fileEncoding = 4; lastKnownFileType = sourcecode.c.h; path = CustomSessionTokenCachingStrategy.h; sourceTree = "<group>"; };
		424761E219AFAAC800D6ABE8 /* CustomSessionTokenCachingStrategy.m */ = {isa = PBXFileReference; fileEncoding = 4; lastKnownFileType = sourcecode.c.objc; path = CustomSessionTokenCachingStrategy.m; sourceTree = "<group>"; };
		424761EB19AFCC2500D6ABE8 /* FBNotificationObject.h */ = {isa = PBXFileReference; fileEncoding = 4; lastKnownFileType = sourcecode.c.h; path = FBNotificationObject.h; sourceTree = "<group>"; };
		424761EC19AFCC2500D6ABE8 /* FBNotificationObject.m */ = {isa = PBXFileReference; fileEncoding = 4; lastKnownFileType = sourcecode.c.objc; path = FBNotificationObject.m; sourceTree = "<group>"; };
		424761EF19AFCC9D00D6ABE8 /* FBUserObject.h */ = {isa = PBXFileReference; fileEncoding = 4; lastKnownFileType = sourcecode.c.h; path = FBUserObject.h; sourceTree = "<group>"; };
		424761F019AFCC9D00D6ABE8 /* FBUserObject.m */ = {isa = PBXFileReference; fileEncoding = 4; lastKnownFileType = sourcecode.c.objc; path = FBUserObject.m; sourceTree = "<group>"; };
		424761F419AFCED700D6ABE8 /* NotificationCollectionViewCell.h */ = {isa = PBXFileReference; fileEncoding = 4; lastKnownFileType = sourcecode.c.h; path = NotificationCollectionViewCell.h; sourceTree = "<group>"; };
		424761F519AFCED700D6ABE8 /* NotificationCollectionViewCell.m */ = {isa = PBXFileReference; fileEncoding = 4; lastKnownFileType = sourcecode.c.objc; path = NotificationCollectionViewCell.m; sourceTree = "<group>"; };
		424761F619AFCED700D6ABE8 /* NotificationCollectionViewCell.xib */ = {isa = PBXFileReference; fileEncoding = 4; lastKnownFileType = file.xib; path = NotificationCollectionViewCell.xib; sourceTree = "<group>"; };
/* End PBXFileReference section */

/* Begin PBXFrameworksBuildPhase section */
		4247618E19AF7FB100D6ABE8 /* Frameworks */ = {
			isa = PBXFrameworksBuildPhase;
			buildActionMask = 2147483647;
			files = (
				424761D819AF813300D6ABE8 /* FacebookSDK.framework in Frameworks */,
			);
			runOnlyForDeploymentPostprocessing = 0;
		};
		424761A719AF7FB100D6ABE8 /* Frameworks */ = {
			isa = PBXFrameworksBuildPhase;
			buildActionMask = 2147483647;
			files = (
			);
			runOnlyForDeploymentPostprocessing = 0;
		};
		424761BB19AF7FE600D6ABE8 /* Frameworks */ = {
			isa = PBXFrameworksBuildPhase;
			buildActionMask = 2147483647;
			files = (
				424761C119AF7FE600D6ABE8 /* NotificationCenter.framework in Frameworks */,
				424761D919AF813300D6ABE8 /* FacebookSDK.framework in Frameworks */,
			);
			runOnlyForDeploymentPostprocessing = 0;
		};
/* End PBXFrameworksBuildPhase section */

/* Begin PBXGroup section */
		4247618819AF7FB100D6ABE8 = {
			isa = PBXGroup;
			children = (
				4247619319AF7FB100D6ABE8 /* FacebookNotifications */,
				424761AD19AF7FB100D6ABE8 /* FacebookNotificationsTests */,
				424761C219AF7FE600D6ABE8 /* FacebookWidget */,
				424761BF19AF7FE600D6ABE8 /* Frameworks */,
				4247619219AF7FB100D6ABE8 /* Products */,
			);
			sourceTree = "<group>";
		};
		4247619219AF7FB100D6ABE8 /* Products */ = {
			isa = PBXGroup;
			children = (
				4247619119AF7FB100D6ABE8 /* FacebookNotifications.app */,
				424761AA19AF7FB100D6ABE8 /* FacebookNotificationsTests.xctest */,
				424761BE19AF7FE600D6ABE8 /* FacebookWidget.appex */,
			);
			name = Products;
			sourceTree = "<group>";
		};
		4247619319AF7FB100D6ABE8 /* FacebookNotifications */ = {
			isa = PBXGroup;
			children = (
				424761E019AFAA8500D6ABE8 /* Helpers */,
				424761E719AFCBC100D6ABE8 /* Controllers */,
				424761E619AFCBBD00D6ABE8 /* Views */,
				424761E519AFCBB800D6ABE8 /* Models */,
				4247619819AF7FB100D6ABE8 /* AppDelegate.h */,
				4247619919AF7FB100D6ABE8 /* AppDelegate.m */,
				424761A419AF7FB100D6ABE8 /* Images.xcassets */,
				4247619419AF7FB100D6ABE8 /* Supporting Files */,
			);
			path = FacebookNotifications;
			sourceTree = "<group>";
		};
		4247619419AF7FB100D6ABE8 /* Supporting Files */ = {
			isa = PBXGroup;
			children = (
				424761DF19AF895000D6ABE8 /* FacebookNotifications.entitlements */,
				4247619519AF7FB100D6ABE8 /* Info.plist */,
				4247619619AF7FB100D6ABE8 /* main.m */,
			);
			name = "Supporting Files";
			sourceTree = "<group>";
		};
		424761AD19AF7FB100D6ABE8 /* FacebookNotificationsTests */ = {
			isa = PBXGroup;
			children = (
				424761B019AF7FB100D6ABE8 /* FacebookNotificationsTests.m */,
				424761AE19AF7FB100D6ABE8 /* Supporting Files */,
			);
			path = FacebookNotificationsTests;
			sourceTree = "<group>";
		};
		424761AE19AF7FB100D6ABE8 /* Supporting Files */ = {
			isa = PBXGroup;
			children = (
				424761AF19AF7FB100D6ABE8 /* Info.plist */,
			);
			name = "Supporting Files";
			sourceTree = "<group>";
		};
		424761BF19AF7FE600D6ABE8 /* Frameworks */ = {
			isa = PBXGroup;
			children = (
				424761D719AF813300D6ABE8 /* FacebookSDK.framework */,
				424761C019AF7FE600D6ABE8 /* NotificationCenter.framework */,
			);
			name = Frameworks;
			sourceTree = "<group>";
		};
		424761C219AF7FE600D6ABE8 /* FacebookWidget */ = {
			isa = PBXGroup;
			children = (
				424761EA19AFCBF200D6ABE8 /* Controllers */,
				424761E919AFCBEE00D6ABE8 /* Views */,
				424761E819AFCBE100D6ABE8 /* Models */,
				424761C319AF7FE600D6ABE8 /* Supporting Files */,
			);
			path = FacebookWidget;
			sourceTree = "<group>";
		};
		424761C319AF7FE600D6ABE8 /* Supporting Files */ = {
			isa = PBXGroup;
			children = (
				424761DE19AF88B100D6ABE8 /* FacebookWidget.entitlements */,
				424761C419AF7FE600D6ABE8 /* Info.plist */,
			);
			name = "Supporting Files";
			sourceTree = "<group>";
		};
		424761E019AFAA8500D6ABE8 /* Helpers */ = {
			isa = PBXGroup;
			children = (
				424761E119AFAAC800D6ABE8 /* CustomSessionTokenCachingStrategy.h */,
				424761E219AFAAC800D6ABE8 /* CustomSessionTokenCachingStrategy.m */,
			);
			name = Helpers;
			sourceTree = "<group>";
		};
		424761E519AFCBB800D6ABE8 /* Models */ = {
			isa = PBXGroup;
			children = (
				4247619B19AF7FB100D6ABE8 /* FacebookNotifications.xcdatamodeld */,
			);
			name = Models;
			sourceTree = "<group>";
		};
		424761E619AFCBBD00D6ABE8 /* Views */ = {
			isa = PBXGroup;
			children = (
				424761A119AF7FB100D6ABE8 /* Main.storyboard */,
				424761DA19AF83E500D6ABE8 /* MainView.h */,
				424761DB19AF83E500D6ABE8 /* MainView.m */,
			);
			name = Views;
			sourceTree = "<group>";
		};
		424761E719AFCBC100D6ABE8 /* Controllers */ = {
			isa = PBXGroup;
			children = (
				4247619E19AF7FB100D6ABE8 /* MainViewController.h */,
				4247619F19AF7FB100D6ABE8 /* MainViewController.m */,
			);
			name = Controllers;
			sourceTree = "<group>";
		};
		424761E819AFCBE100D6ABE8 /* Models */ = {
			isa = PBXGroup;
			children = (
				424761EF19AFCC9D00D6ABE8 /* FBUserObject.h */,
				424761F019AFCC9D00D6ABE8 /* FBUserObject.m */,
				424761EB19AFCC2500D6ABE8 /* FBNotificationObject.h */,
				424761EC19AFCC2500D6ABE8 /* FBNotificationObject.m */,
			);
			name = Models;
			sourceTree = "<group>";
		};
		424761E919AFCBEE00D6ABE8 /* Views */ = {
			isa = PBXGroup;
			children = (
				424761F319AFCEAF00D6ABE8 /* Cells */,
				424761C819AF7FE600D6ABE8 /* MainInterface.storyboard */,
				424761D319AF800A00D6ABE8 /* TodayView.h */,
				424761D419AF800A00D6ABE8 /* TodayView.m */,
			);
			name = Views;
			sourceTree = "<group>";
		};
		424761EA19AFCBF200D6ABE8 /* Controllers */ = {
			isa = PBXGroup;
			children = (
				424761C519AF7FE600D6ABE8 /* TodayViewController.h */,
				424761C619AF7FE600D6ABE8 /* TodayViewController.m */,
			);
			name = Controllers;
			sourceTree = "<group>";
		};
		424761F319AFCEAF00D6ABE8 /* Cells */ = {
			isa = PBXGroup;
			children = (
				424761F419AFCED700D6ABE8 /* NotificationCollectionViewCell.h */,
				424761F519AFCED700D6ABE8 /* NotificationCollectionViewCell.m */,
				424761F619AFCED700D6ABE8 /* NotificationCollectionViewCell.xib */,
			);
			name = Cells;
			sourceTree = "<group>";
		};
/* End PBXGroup section */

/* Begin PBXNativeTarget section */
		4247619019AF7FB100D6ABE8 /* FacebookNotifications */ = {
			isa = PBXNativeTarget;
			buildConfigurationList = 424761B419AF7FB100D6ABE8 /* Build configuration list for PBXNativeTarget "FacebookNotifications" */;
			buildPhases = (
				4247618D19AF7FB100D6ABE8 /* Sources */,
				4247618E19AF7FB100D6ABE8 /* Frameworks */,
				4247618F19AF7FB100D6ABE8 /* Resources */,
				424761D219AF7FE600D6ABE8 /* Embed App Extensions */,
			);
			buildRules = (
			);
			dependencies = (
				424761CB19AF7FE600D6ABE8 /* PBXTargetDependency */,
				424761CE19AF7FE600D6ABE8 /* PBXTargetDependency */,
			);
			name = FacebookNotifications;
			productName = FacebookNotifications;
			productReference = 4247619119AF7FB100D6ABE8 /* FacebookNotifications.app */;
			productType = "com.apple.product-type.application";
		};
		424761A919AF7FB100D6ABE8 /* FacebookNotificationsTests */ = {
			isa = PBXNativeTarget;
			buildConfigurationList = 424761B719AF7FB100D6ABE8 /* Build configuration list for PBXNativeTarget "FacebookNotificationsTests" */;
			buildPhases = (
				424761A619AF7FB100D6ABE8 /* Sources */,
				424761A719AF7FB100D6ABE8 /* Frameworks */,
				424761A819AF7FB100D6ABE8 /* Resources */,
			);
			buildRules = (
			);
			dependencies = (
				424761AC19AF7FB100D6ABE8 /* PBXTargetDependency */,
			);
			name = FacebookNotificationsTests;
			productName = FacebookNotificationsTests;
			productReference = 424761AA19AF7FB100D6ABE8 /* FacebookNotificationsTests.xctest */;
			productType = "com.apple.product-type.bundle.unit-test";
		};
		424761BD19AF7FE600D6ABE8 /* FacebookWidget */ = {
			isa = PBXNativeTarget;
			buildConfigurationList = 424761CF19AF7FE600D6ABE8 /* Build configuration list for PBXNativeTarget "FacebookWidget" */;
			buildPhases = (
				424761BA19AF7FE600D6ABE8 /* Sources */,
				424761BB19AF7FE600D6ABE8 /* Frameworks */,
				424761BC19AF7FE600D6ABE8 /* Resources */,
			);
			buildRules = (
			);
			dependencies = (
			);
			name = FacebookWidget;
			productName = FacebookWidget;
			productReference = 424761BE19AF7FE600D6ABE8 /* FacebookWidget.appex */;
			productType = "com.apple.product-type.app-extension";
		};
/* End PBXNativeTarget section */

/* Begin PBXProject section */
		4247618919AF7FB100D6ABE8 /* Project object */ = {
			isa = PBXProject;
			attributes = {
				LastUpgradeCheck = 0600;
				ORGANIZATIONNAME = Pivotal;
				TargetAttributes = {
					4247619019AF7FB100D6ABE8 = {
						CreatedOnToolsVersion = 6.0;
						DevelopmentTeam = 5S2KV4J28S;
						SystemCapabilities = {
							com.apple.ApplicationGroups.iOS = {
								enabled = 1;
							};
						};
					};
					424761A919AF7FB100D6ABE8 = {
						CreatedOnToolsVersion = 6.0;
						DevelopmentTeam = 5S2KV4J28S;
						TestTargetID = 4247619019AF7FB100D6ABE8;
					};
					424761BD19AF7FE600D6ABE8 = {
						CreatedOnToolsVersion = 6.0;
						DevelopmentTeam = 5S2KV4J28S;
						SystemCapabilities = {
							com.apple.ApplicationGroups.iOS = {
								enabled = 1;
							};
						};
					};
				};
			};
			buildConfigurationList = 4247618C19AF7FB100D6ABE8 /* Build configuration list for PBXProject "FacebookNotifications" */;
			compatibilityVersion = "Xcode 3.2";
			developmentRegion = English;
			hasScannedForEncodings = 0;
			knownRegions = (
				en,
				Base,
			);
			mainGroup = 4247618819AF7FB100D6ABE8;
			productRefGroup = 4247619219AF7FB100D6ABE8 /* Products */;
			projectDirPath = "";
			projectRoot = "";
			targets = (
				4247619019AF7FB100D6ABE8 /* FacebookNotifications */,
				424761BD19AF7FE600D6ABE8 /* FacebookWidget */,
				424761A919AF7FB100D6ABE8 /* FacebookNotificationsTests */,
			);
		};
/* End PBXProject section */

/* Begin PBXResourcesBuildPhase section */
		4247618F19AF7FB100D6ABE8 /* Resources */ = {
			isa = PBXResourcesBuildPhase;
			buildActionMask = 2147483647;
			files = (
				424761A319AF7FB100D6ABE8 /* Main.storyboard in Resources */,
				424761A519AF7FB100D6ABE8 /* Images.xcassets in Resources */,
				424761F919AFCED700D6ABE8 /* NotificationCollectionViewCell.xib in Resources */,
			);
			runOnlyForDeploymentPostprocessing = 0;
		};
		424761A819AF7FB100D6ABE8 /* Resources */ = {
			isa = PBXResourcesBuildPhase;
			buildActionMask = 2147483647;
			files = (
			);
			runOnlyForDeploymentPostprocessing = 0;
		};
		424761BC19AF7FE600D6ABE8 /* Resources */ = {
			isa = PBXResourcesBuildPhase;
			buildActionMask = 2147483647;
			files = (
				424761C919AF7FE600D6ABE8 /* MainInterface.storyboard in Resources */,
				424761FA19AFCED700D6ABE8 /* NotificationCollectionViewCell.xib in Resources */,
			);
			runOnlyForDeploymentPostprocessing = 0;
		};
/* End PBXResourcesBuildPhase section */

/* Begin PBXSourcesBuildPhase section */
		4247618D19AF7FB100D6ABE8 /* Sources */ = {
			isa = PBXSourcesBuildPhase;
			buildActionMask = 2147483647;
			files = (
				424761E319AFAAC800D6ABE8 /* CustomSessionTokenCachingStrategy.m in Sources */,
				424761F719AFCED700D6ABE8 /* NotificationCollectionViewCell.m in Sources */,
				424761DC19AF83E500D6ABE8 /* MainView.m in Sources */,
				4247619A19AF7FB100D6ABE8 /* AppDelegate.m in Sources */,
				4247619719AF7FB100D6ABE8 /* main.m in Sources */,
				424761A019AF7FB100D6ABE8 /* MainViewController.m in Sources */,
				424761ED19AFCC2500D6ABE8 /* FBNotificationObject.m in Sources */,
				4247619D19AF7FB100D6ABE8 /* FacebookNotifications.xcdatamodeld in Sources */,
				424761F119AFCC9D00D6ABE8 /* FBUserObject.m in Sources */,
			);
			runOnlyForDeploymentPostprocessing = 0;
		};
		424761A619AF7FB100D6ABE8 /* Sources */ = {
			isa = PBXSourcesBuildPhase;
			buildActionMask = 2147483647;
			files = (
				424761B119AF7FB100D6ABE8 /* FacebookNotificationsTests.m in Sources */,
			);
			runOnlyForDeploymentPostprocessing = 0;
		};
		424761BA19AF7FE600D6ABE8 /* Sources */ = {
			isa = PBXSourcesBuildPhase;
			buildActionMask = 2147483647;
			files = (
				424761D519AF800A00D6ABE8 /* TodayView.m in Sources */,
				424761F219AFCC9D00D6ABE8 /* FBUserObject.m in Sources */,
				424761C719AF7FE600D6ABE8 /* TodayViewController.m in Sources */,
				424761EE19AFCC2500D6ABE8 /* FBNotificationObject.m in Sources */,
				424761E419AFAAC800D6ABE8 /* CustomSessionTokenCachingStrategy.m in Sources */,
				424761F819AFCED700D6ABE8 /* NotificationCollectionViewCell.m in Sources */,
				424761DD19AF83E500D6ABE8 /* MainView.m in Sources */,
			);
			runOnlyForDeploymentPostprocessing = 0;
		};
/* End PBXSourcesBuildPhase section */

/* Begin PBXTargetDependency section */
		424761AC19AF7FB100D6ABE8 /* PBXTargetDependency */ = {
			isa = PBXTargetDependency;
			target = 4247619019AF7FB100D6ABE8 /* FacebookNotifications */;
			targetProxy = 424761AB19AF7FB100D6ABE8 /* PBXContainerItemProxy */;
		};
		424761CB19AF7FE600D6ABE8 /* PBXTargetDependency */ = {
			isa = PBXTargetDependency;
			target = 424761BD19AF7FE600D6ABE8 /* FacebookWidget */;
			targetProxy = 424761CA19AF7FE600D6ABE8 /* PBXContainerItemProxy */;
		};
		424761CE19AF7FE600D6ABE8 /* PBXTargetDependency */ = {
			isa = PBXTargetDependency;
			target = 424761BD19AF7FE600D6ABE8 /* FacebookWidget */;
			targetProxy = 424761CD19AF7FE600D6ABE8 /* PBXContainerItemProxy */;
		};
/* End PBXTargetDependency section */

/* Begin PBXVariantGroup section */
		424761A119AF7FB100D6ABE8 /* Main.storyboard */ = {
			isa = PBXVariantGroup;
			children = (
				424761A219AF7FB100D6ABE8 /* Base */,
			);
			name = Main.storyboard;
			sourceTree = "<group>";
		};
/* End PBXVariantGroup section */

/* Begin XCBuildConfiguration section */
		424761B219AF7FB100D6ABE8 /* Debug */ = {
			isa = XCBuildConfiguration;
			buildSettings = {
				ALWAYS_SEARCH_USER_PATHS = NO;
				CLANG_CXX_LANGUAGE_STANDARD = "gnu++0x";
				CLANG_CXX_LIBRARY = "libc++";
				CLANG_ENABLE_MODULES = YES;
				CLANG_ENABLE_OBJC_ARC = YES;
				CLANG_WARN_BOOL_CONVERSION = YES;
				CLANG_WARN_CONSTANT_CONVERSION = YES;
				CLANG_WARN_DIRECT_OBJC_ISA_USAGE = YES_ERROR;
				CLANG_WARN_EMPTY_BODY = YES;
				CLANG_WARN_ENUM_CONVERSION = YES;
				CLANG_WARN_INT_CONVERSION = YES;
				CLANG_WARN_OBJC_ROOT_CLASS = YES_ERROR;
				CLANG_WARN_UNREACHABLE_CODE = YES;
				CLANG_WARN__DUPLICATE_METHOD_MATCH = YES;
				"CODE_SIGN_IDENTITY[sdk=iphoneos*]" = "iPhone Developer";
				COPY_PHASE_STRIP = NO;
				ENABLE_STRICT_OBJC_MSGSEND = YES;
				GCC_C_LANGUAGE_STANDARD = gnu99;
				GCC_DYNAMIC_NO_PIC = NO;
				GCC_OPTIMIZATION_LEVEL = 0;
				GCC_PREPROCESSOR_DEFINITIONS = (
					"DEBUG=1",
					"$(inherited)",
				);
				GCC_SYMBOLS_PRIVATE_EXTERN = NO;
				GCC_WARN_64_TO_32_BIT_CONVERSION = YES;
				GCC_WARN_ABOUT_RETURN_TYPE = YES_ERROR;
				GCC_WARN_UNDECLARED_SELECTOR = YES;
				GCC_WARN_UNINITIALIZED_AUTOS = YES_AGGRESSIVE;
				GCC_WARN_UNUSED_FUNCTION = YES;
				GCC_WARN_UNUSED_VARIABLE = YES;
				IPHONEOS_DEPLOYMENT_TARGET = 8.0;
				MTL_ENABLE_DEBUG_INFO = YES;
				ONLY_ACTIVE_ARCH = YES;
				SDKROOT = iphoneos;
			};
			name = Debug;
		};
		424761B319AF7FB100D6ABE8 /* Release */ = {
			isa = XCBuildConfiguration;
			buildSettings = {
				ALWAYS_SEARCH_USER_PATHS = NO;
				CLANG_CXX_LANGUAGE_STANDARD = "gnu++0x";
				CLANG_CXX_LIBRARY = "libc++";
				CLANG_ENABLE_MODULES = YES;
				CLANG_ENABLE_OBJC_ARC = YES;
				CLANG_WARN_BOOL_CONVERSION = YES;
				CLANG_WARN_CONSTANT_CONVERSION = YES;
				CLANG_WARN_DIRECT_OBJC_ISA_USAGE = YES_ERROR;
				CLANG_WARN_EMPTY_BODY = YES;
				CLANG_WARN_ENUM_CONVERSION = YES;
				CLANG_WARN_INT_CONVERSION = YES;
				CLANG_WARN_OBJC_ROOT_CLASS = YES_ERROR;
				CLANG_WARN_UNREACHABLE_CODE = YES;
				CLANG_WARN__DUPLICATE_METHOD_MATCH = YES;
				"CODE_SIGN_IDENTITY[sdk=iphoneos*]" = "iPhone Developer";
				COPY_PHASE_STRIP = YES;
				ENABLE_NS_ASSERTIONS = NO;
				ENABLE_STRICT_OBJC_MSGSEND = YES;
				GCC_C_LANGUAGE_STANDARD = gnu99;
				GCC_WARN_64_TO_32_BIT_CONVERSION = YES;
				GCC_WARN_ABOUT_RETURN_TYPE = YES_ERROR;
				GCC_WARN_UNDECLARED_SELECTOR = YES;
				GCC_WARN_UNINITIALIZED_AUTOS = YES_AGGRESSIVE;
				GCC_WARN_UNUSED_FUNCTION = YES;
				GCC_WARN_UNUSED_VARIABLE = YES;
				IPHONEOS_DEPLOYMENT_TARGET = 8.0;
				MTL_ENABLE_DEBUG_INFO = NO;
				SDKROOT = iphoneos;
				VALIDATE_PRODUCT = YES;
			};
			name = Release;
		};
		424761B519AF7FB100D6ABE8 /* Debug */ = {
			isa = XCBuildConfiguration;
			buildSettings = {
				ASSETCATALOG_COMPILER_APPICON_NAME = AppIcon;
				ASSETCATALOG_COMPILER_LAUNCHIMAGE_NAME = LaunchImage;
				CODE_SIGN_ENTITLEMENTS = FacebookNotifications/FacebookNotifications.entitlements;
				CODE_SIGN_IDENTITY = "";
				"CODE_SIGN_IDENTITY[sdk=iphoneos*]" = "";
				FRAMEWORK_SEARCH_PATHS = (
					"$(inherited)",
					"/Users/dx169-xl/Documents/FacebookSDK",
				);
				INFOPLIST_FILE = FacebookNotifications/Info.plist;
				LD_RUNPATH_SEARCH_PATHS = "$(inherited) @executable_path/Frameworks";
				OTHER_LDFLAGS = "-ObjC";
				PRODUCT_NAME = "$(TARGET_NAME)";
				PROVISIONING_PROFILE = "9BB1E654-68B9-4815-AF8B-E47E8E5212AE";
			};
			name = Debug;
		};
		424761B619AF7FB100D6ABE8 /* Release */ = {
			isa = XCBuildConfiguration;
			buildSettings = {
				ASSETCATALOG_COMPILER_APPICON_NAME = AppIcon;
				ASSETCATALOG_COMPILER_LAUNCHIMAGE_NAME = LaunchImage;
				CODE_SIGN_ENTITLEMENTS = FacebookNotifications/FacebookNotifications.entitlements;
				CODE_SIGN_IDENTITY = "";
				"CODE_SIGN_IDENTITY[sdk=iphoneos*]" = "";
				FRAMEWORK_SEARCH_PATHS = (
					"$(inherited)",
					"/Users/dx169-xl/Documents/FacebookSDK",
				);
				INFOPLIST_FILE = FacebookNotifications/Info.plist;
				LD_RUNPATH_SEARCH_PATHS = "$(inherited) @executable_path/Frameworks";
				OTHER_LDFLAGS = "-ObjC";
				PRODUCT_NAME = "$(TARGET_NAME)";
				PROVISIONING_PROFILE = "9BB1E654-68B9-4815-AF8B-E47E8E5212AE";
			};
			name = Release;
		};
		424761B819AF7FB100D6ABE8 /* Debug */ = {
			isa = XCBuildConfiguration;
			buildSettings = {
				BUNDLE_LOADER = "$(TEST_HOST)";
				FRAMEWORK_SEARCH_PATHS = (
					"$(SDKROOT)/Developer/Library/Frameworks",
					"$(inherited)",
				);
				GCC_PREPROCESSOR_DEFINITIONS = (
					"DEBUG=1",
					"$(inherited)",
				);
				INFOPLIST_FILE = FacebookNotificationsTests/Info.plist;
				LD_RUNPATH_SEARCH_PATHS = "$(inherited) @executable_path/Frameworks @loader_path/Frameworks";
				PRODUCT_NAME = "$(TARGET_NAME)";
				TEST_HOST = "$(BUILT_PRODUCTS_DIR)/FacebookNotifications.app/FacebookNotifications";
			};
			name = Debug;
		};
		424761B919AF7FB100D6ABE8 /* Release */ = {
			isa = XCBuildConfiguration;
			buildSettings = {
				BUNDLE_LOADER = "$(TEST_HOST)";
				FRAMEWORK_SEARCH_PATHS = (
					"$(SDKROOT)/Developer/Library/Frameworks",
					"$(inherited)",
				);
				INFOPLIST_FILE = FacebookNotificationsTests/Info.plist;
				LD_RUNPATH_SEARCH_PATHS = "$(inherited) @executable_path/Frameworks @loader_path/Frameworks";
				PRODUCT_NAME = "$(TARGET_NAME)";
				TEST_HOST = "$(BUILT_PRODUCTS_DIR)/FacebookNotifications.app/FacebookNotifications";
			};
			name = Release;
		};
		424761D019AF7FE600D6ABE8 /* Debug */ = {
			isa = XCBuildConfiguration;
			buildSettings = {
				CODE_SIGN_ENTITLEMENTS = FacebookWidget/FacebookWidget.entitlements;
				CODE_SIGN_IDENTITY = "";
				"CODE_SIGN_IDENTITY[sdk=iphoneos*]" = "";
				FRAMEWORK_SEARCH_PATHS = (
					"$(inherited)",
					"/Users/dx169-xl/Documents/FacebookSDK",
				);
				GCC_PREPROCESSOR_DEFINITIONS = (
					"DEBUG=1",
					"$(inherited)",
				);
				INFOPLIST_FILE = FacebookWidget/Info.plist;
				LD_RUNPATH_SEARCH_PATHS = "$(inherited) @executable_path/Frameworks @executable_path/../../Frameworks";
				OTHER_LDFLAGS = "-ObjC";
				PRODUCT_NAME = "$(TARGET_NAME)";
				PROVISIONING_PROFILE = "9BB1E654-68B9-4815-AF8B-E47E8E5212AE";
				SKIP_INSTALL = YES;
			};
			name = Debug;
		};
		424761D119AF7FE600D6ABE8 /* Release */ = {
			isa = XCBuildConfiguration;
			buildSettings = {
				CODE_SIGN_ENTITLEMENTS = FacebookWidget/FacebookWidget.entitlements;
				CODE_SIGN_IDENTITY = "";
				"CODE_SIGN_IDENTITY[sdk=iphoneos*]" = "";
				FRAMEWORK_SEARCH_PATHS = (
					"$(inherited)",
					"/Users/dx169-xl/Documents/FacebookSDK",
				);
				INFOPLIST_FILE = FacebookWidget/Info.plist;
				LD_RUNPATH_SEARCH_PATHS = "$(inherited) @executable_path/Frameworks @executable_path/../../Frameworks";
				OTHER_LDFLAGS = "-ObjC";
				PRODUCT_NAME = "$(TARGET_NAME)";
				PROVISIONING_PROFILE = "9BB1E654-68B9-4815-AF8B-E47E8E5212AE";
				SKIP_INSTALL = YES;
			};
			name = Release;
		};
/* End XCBuildConfiguration section */

/* Begin XCConfigurationList section */
		4247618C19AF7FB100D6ABE8 /* Build configuration list for PBXProject "FacebookNotifications" */ = {
			isa = XCConfigurationList;
			buildConfigurations = (
				424761B219AF7FB100D6ABE8 /* Debug */,
				424761B319AF7FB100D6ABE8 /* Release */,
			);
			defaultConfigurationIsVisible = 0;
			defaultConfigurationName = Release;
		};
		424761B419AF7FB100D6ABE8 /* Build configuration list for PBXNativeTarget "FacebookNotifications" */ = {
			isa = XCConfigurationList;
			buildConfigurations = (
				424761B519AF7FB100D6ABE8 /* Debug */,
				424761B619AF7FB100D6ABE8 /* Release */,
			);
			defaultConfigurationIsVisible = 0;
			defaultConfigurationName = Release;
		};
		424761B719AF7FB100D6ABE8 /* Build configuration list for PBXNativeTarget "FacebookNotificationsTests" */ = {
			isa = XCConfigurationList;
			buildConfigurations = (
				424761B819AF7FB100D6ABE8 /* Debug */,
				424761B919AF7FB100D6ABE8 /* Release */,
			);
			defaultConfigurationIsVisible = 0;
			defaultConfigurationName = Release;
		};
		424761CF19AF7FE600D6ABE8 /* Build configuration list for PBXNativeTarget "FacebookWidget" */ = {
			isa = XCConfigurationList;
			buildConfigurations = (
				424761D019AF7FE600D6ABE8 /* Debug */,
				424761D119AF7FE600D6ABE8 /* Release */,
			);
			defaultConfigurationIsVisible = 0;
			defaultConfigurationName = Release;
		};
/* End XCConfigurationList section */

/* Begin XCVersionGroup section */
		4247619B19AF7FB100D6ABE8 /* FacebookNotifications.xcdatamodeld */ = {
			isa = XCVersionGroup;
			children = (
				4247619C19AF7FB100D6ABE8 /* FacebookNotifications.xcdatamodel */,
			);
			currentVersion = 4247619C19AF7FB100D6ABE8 /* FacebookNotifications.xcdatamodel */;
			path = FacebookNotifications.xcdatamodeld;
			sourceTree = "<group>";
			versionGroupType = wrapper.xcdatamodel;
		};
/* End XCVersionGroup section */
	};
	rootObject = 4247618919AF7FB100D6ABE8 /* Project object */;
}
